Microsoft Visual Studio Solution File, Format Version 12.00
# Visual Studio Version 17
VisualStudioVersion = 17.5.2.0
MinimumVisualStudioVersion = 10.0.40219.1
Project("{FAE04EC0-301F-11D3-BF4B-00C04F79EFBC}") = "GameServer", "GameServer\GameServer.csproj", "{8CB1D2F4-457E-DC9A-2B1C-5000C4602A0C}"
EndProject
Project("{FAE04EC0-301F-11D3-BF4B-00C04F79EFBC}") = "TestBench", "TestBench\TestBench.csproj", "{B2E29712-9D3D-7CC4-DC4C-6B13711380E3}"
EndProject
Global
	GlobalSection(SolutionConfigurationPlatforms) = preSolution
		Debug|Any CPU = Debug|Any CPU
		Release|Any CPU = Release|Any CPU
	EndGlobalSection
	GlobalSection(ProjectConfigurationPlatforms) = postSolution
		{8CB1D2F4-457E-DC9A-2B1C-5000C4602A0C}.Debug|Any CPU.ActiveCfg = Debug|Any CPU
		{8CB1D2F4-457E-DC9A-2B1C-5000C4602A0C}.Debug|Any CPU.Build.0 = Debug|Any CPU
		{8CB1D2F4-457E-DC9A-2B1C-5000C4602A0C}.Release|Any CPU.ActiveCfg = Release|Any CPU
		{8CB1D2F4-457E-DC9A-2B1C-5000C4602A0C}.Release|Any CPU.Build.0 = Release|Any CPU
		{B2E29712-9D3D-7CC4-DC4C-6B13711380E3}.Debug|Any CPU.ActiveCfg = Debug|Any CPU
		{B2E29712-9D3D-7CC4-DC4C-6B13711380E3}.Debug|Any CPU.Build.0 = Debug|Any CPU
		{B2E29712-9D3D-7CC4-DC4C-6B13711380E3}.Release|Any CPU.ActiveCfg = Release|Any CPU
		{B2E29712-9D3D-7CC4-DC4C-6B13711380E3}.Release|Any CPU.Build.0 = Release|Any CPU
	EndGlobalSection
	GlobalSection(SolutionProperties) = preSolution
		HideSolutionNode = FALSE
	EndGlobalSection
	GlobalSection(ExtensibilityGlobals) = postSolution
		SolutionGuid = {445DB87D-3720-4D1D-97CD-00D1AF4909DC}
	EndGlobalSection
EndGlobal
